
Microsoft Visual Studio Solution File, Format Version 12.00
# Visual Studio Version 16
VisualStudioVersion = 16.0.31005.135
MinimumVisualStudioVersion = 10.0.40219.1
Project("{FAE04EC0-301F-11D3-BF4B-00C04F79EFBC}") = "formataparagrafo", "formataparagrafo\formataparagrafo.csproj", "{C8E6E056-90B1-4FE6-81C3-058315E0719A}"
EndProject
Global
	GlobalSection(SolutionConfigurationPlatforms) = preSolution
		Debug|Any CPU = Debug|Any CPU
		Release|Any CPU = Release|Any CPU
	EndGlobalSection
	GlobalSection(ProjectConfigurationPlatforms) = postSolution
		{C8E6E056-90B1-4FE6-81C3-058315E0719A}.Debug|Any CPU.ActiveCfg = Debug|Any CPU
		{C8E6E056-90B1-4FE6-81C3-058315E0719A}.Debug|Any CPU.Build.0 = Debug|Any CPU
		{C8E6E056-90B1-4FE6-81C3-058315E0719A}.Release|Any CPU.ActiveCfg = Release|Any CPU
		{C8E6E056-90B1-4FE6-81C3-058315E0719A}.Release|Any CPU.Build.0 = Release|Any CPU
	EndGlobalSection
	GlobalSection(SolutionProperties) = preSolution
		HideSolutionNode = FALSE
	EndGlobalSection
	GlobalSection(ExtensibilityGlobals) = postSolution
		SolutionGuid = {2FAA5B48-ECEB-4162-AD55-79A6D9CBBB3C}
	EndGlobalSection
EndGlobal
