
Microsoft Visual Studio Solution File, Format Version 12.00
# Visual Studio Version 16
VisualStudioVersion = 16.0.31005.135
MinimumVisualStudioVersion = 10.0.40219.1
Project("{FAE04EC0-301F-11D3-BF4B-00C04F79EFBC}") = "fatorial", "fatorial\fatorial.csproj", "{57251D3F-C2CE-4969-B4B3-397FFDB43210}"
EndProject
Global
	GlobalSection(SolutionConfigurationPlatforms) = preSolution
		Debug|Any CPU = Debug|Any CPU
		Release|Any CPU = Release|Any CPU
	EndGlobalSection
	GlobalSection(ProjectConfigurationPlatforms) = postSolution
		{57251D3F-C2CE-4969-B4B3-397FFDB43210}.Debug|Any CPU.ActiveCfg = Debug|Any CPU
		{57251D3F-C2CE-4969-B4B3-397FFDB43210}.Debug|Any CPU.Build.0 = Debug|Any CPU
		{57251D3F-C2CE-4969-B4B3-397FFDB43210}.Release|Any CPU.ActiveCfg = Release|Any CPU
		{57251D3F-C2CE-4969-B4B3-397FFDB43210}.Release|Any CPU.Build.0 = Release|Any CPU
	EndGlobalSection
	GlobalSection(SolutionProperties) = preSolution
		HideSolutionNode = FALSE
	EndGlobalSection
	GlobalSection(ExtensibilityGlobals) = postSolution
		SolutionGuid = {5FF73CDD-7032-46B8-9D17-16EFDBB690F8}
	EndGlobalSection
EndGlobal
