
Microsoft Visual Studio Solution File, Format Version 12.00
# Visual Studio Version 16
VisualStudioVersion = 16.0.31321.278
MinimumVisualStudioVersion = 10.0.40219.1
Project("{FAE04EC0-301F-11D3-BF4B-00C04F79EFBC}") = "ClassLibrary", "ClassLibrary\ClassLibrary.csproj", "{EF5AA772-976A-40DE-B4DB-9DE29136AADD}"
EndProject
Global
	GlobalSection(SolutionConfigurationPlatforms) = preSolution
		Debug|Any CPU = Debug|Any CPU
		Release|Any CPU = Release|Any CPU
	EndGlobalSection
	GlobalSection(ProjectConfigurationPlatforms) = postSolution
		{EF5AA772-976A-40DE-B4DB-9DE29136AADD}.Debug|Any CPU.ActiveCfg = Debug|Any CPU
		{EF5AA772-976A-40DE-B4DB-9DE29136AADD}.Debug|Any CPU.Build.0 = Debug|Any CPU
		{EF5AA772-976A-40DE-B4DB-9DE29136AADD}.Release|Any CPU.ActiveCfg = Release|Any CPU
		{EF5AA772-976A-40DE-B4DB-9DE29136AADD}.Release|Any CPU.Build.0 = Release|Any CPU
	EndGlobalSection
	GlobalSection(SolutionProperties) = preSolution
		HideSolutionNode = FALSE
	EndGlobalSection
	GlobalSection(ExtensibilityGlobals) = postSolution
		SolutionGuid = {E4BD067D-48F5-48DA-9D68-ADC21B3C9D1D}
	EndGlobalSection
EndGlobal
