
Microsoft Visual Studio Solution File, Format Version 12.00
# Visual Studio Version 16
VisualStudioVersion = 16.0.31005.135
MinimumVisualStudioVersion = 10.0.40219.1
Project("{FAE04EC0-301F-11D3-BF4B-00C04F79EFBC}") = "operadorescomparacao", "operadorescomparacao\operadorescomparacao.csproj", "{64A17CE6-BD20-46D6-A794-A7284B210B20}"
EndProject
Global
	GlobalSection(SolutionConfigurationPlatforms) = preSolution
		Debug|Any CPU = Debug|Any CPU
		Release|Any CPU = Release|Any CPU
	EndGlobalSection
	GlobalSection(ProjectConfigurationPlatforms) = postSolution
		{64A17CE6-BD20-46D6-A794-A7284B210B20}.Debug|Any CPU.ActiveCfg = Debug|Any CPU
		{64A17CE6-BD20-46D6-A794-A7284B210B20}.Debug|Any CPU.Build.0 = Debug|Any CPU
		{64A17CE6-BD20-46D6-A794-A7284B210B20}.Release|Any CPU.ActiveCfg = Release|Any CPU
		{64A17CE6-BD20-46D6-A794-A7284B210B20}.Release|Any CPU.Build.0 = Release|Any CPU
	EndGlobalSection
	GlobalSection(SolutionProperties) = preSolution
		HideSolutionNode = FALSE
	EndGlobalSection
	GlobalSection(ExtensibilityGlobals) = postSolution
		SolutionGuid = {E14584ED-4E87-4B33-A427-9C5710E9CB34}
	EndGlobalSection
EndGlobal
