
Microsoft Visual Studio Solution File, Format Version 12.00
# Visual Studio Version 16
VisualStudioVersion = 16.0.31105.61
MinimumVisualStudioVersion = 10.0.40219.1
Project("{FAE04EC0-301F-11D3-BF4B-00C04F79EFBC}") = "NumRandon", "NumRandon\NumRandon.csproj", "{7FB14705-58B8-444C-9173-86269F84F516}"
EndProject
Global
	GlobalSection(SolutionConfigurationPlatforms) = preSolution
		Debug|Any CPU = Debug|Any CPU
		Release|Any CPU = Release|Any CPU
	EndGlobalSection
	GlobalSection(ProjectConfigurationPlatforms) = postSolution
		{7FB14705-58B8-444C-9173-86269F84F516}.Debug|Any CPU.ActiveCfg = Debug|Any CPU
		{7FB14705-58B8-444C-9173-86269F84F516}.Debug|Any CPU.Build.0 = Debug|Any CPU
		{7FB14705-58B8-444C-9173-86269F84F516}.Release|Any CPU.ActiveCfg = Release|Any CPU
		{7FB14705-58B8-444C-9173-86269F84F516}.Release|Any CPU.Build.0 = Release|Any CPU
	EndGlobalSection
	GlobalSection(SolutionProperties) = preSolution
		HideSolutionNode = FALSE
	EndGlobalSection
	GlobalSection(ExtensibilityGlobals) = postSolution
		SolutionGuid = {4EEC48BF-0B90-4DAB-98C8-621948187302}
	EndGlobalSection
EndGlobal
