
Microsoft Visual Studio Solution File, Format Version 12.00
# Visual Studio Version 16
VisualStudioVersion = 16.0.31005.135
MinimumVisualStudioVersion = 10.0.40219.1
Project("{FAE04EC0-301F-11D3-BF4B-00C04F79EFBC}") = "calculator", "calculator\calculator.csproj", "{EB3319A4-54FF-43A2-8C83-D70336E314FE}"
EndProject
Global
	GlobalSection(SolutionConfigurationPlatforms) = preSolution
		Debug|Any CPU = Debug|Any CPU
		Release|Any CPU = Release|Any CPU
	EndGlobalSection
	GlobalSection(ProjectConfigurationPlatforms) = postSolution
		{EB3319A4-54FF-43A2-8C83-D70336E314FE}.Debug|Any CPU.ActiveCfg = Debug|Any CPU
		{EB3319A4-54FF-43A2-8C83-D70336E314FE}.Debug|Any CPU.Build.0 = Debug|Any CPU
		{EB3319A4-54FF-43A2-8C83-D70336E314FE}.Release|Any CPU.ActiveCfg = Release|Any CPU
		{EB3319A4-54FF-43A2-8C83-D70336E314FE}.Release|Any CPU.Build.0 = Release|Any CPU
	EndGlobalSection
	GlobalSection(SolutionProperties) = preSolution
		HideSolutionNode = FALSE
	EndGlobalSection
	GlobalSection(ExtensibilityGlobals) = postSolution
		SolutionGuid = {84F1C38E-A9F7-4C9E-BAFC-33956371878B}
	EndGlobalSection
EndGlobal
